
Microsoft Visual Studio Solution File, Format Version 12.00
# Visual Studio 15
VisualStudioVersion = 15.0.28010.2041
MinimumVisualStudioVersion = 10.0.40219.1
Project("{FAE04EC0-301F-11D3-BF4B-00C04F79EFBC}") = "scXlsData", "scXlsData\scXlsData.csproj", "{53AD681A-18D1-4911-8BF2-C8C15385D6A1}"
EndProject
Project("{54435603-DBB4-11D2-8724-00A0C9A8B90C}") = "Setup1", "Setup1\Setup1.vdproj", "{48F7A994-5097-4609-A760-3D7EE08131EB}"
EndProject
Global
	GlobalSection(SolutionConfigurationPlatforms) = preSolution
		Debug|Any CPU = Debug|Any CPU
		Release|Any CPU = Release|Any CPU
	EndGlobalSection
	GlobalSection(ProjectConfigurationPlatforms) = postSolution
		{53AD681A-18D1-4911-8BF2-C8C15385D6A1}.Debug|Any CPU.ActiveCfg = Debug|Any CPU
		{53AD681A-18D1-4911-8BF2-C8C15385D6A1}.Debug|Any CPU.Build.0 = Debug|Any CPU
		{53AD681A-18D1-4911-8BF2-C8C15385D6A1}.Release|Any CPU.ActiveCfg = Release|Any CPU
		{53AD681A-18D1-4911-8BF2-C8C15385D6A1}.Release|Any CPU.Build.0 = Release|Any CPU
		{48F7A994-5097-4609-A760-3D7EE08131EB}.Debug|Any CPU.ActiveCfg = Debug
		{48F7A994-5097-4609-A760-3D7EE08131EB}.Release|Any CPU.ActiveCfg = Release
	EndGlobalSection
	GlobalSection(SolutionProperties) = preSolution
		HideSolutionNode = FALSE
	EndGlobalSection
	GlobalSection(ExtensibilityGlobals) = postSolution
		SolutionGuid = {8EC8E3A1-3DF8-4FE8-B909-9AE34CBDA828}
	EndGlobalSection
EndGlobal
